# This file is autogenerated, do not edit; changes may be undone by the next 'dep ensure'.


[[projects]]
  name = "github.com/exoscale/egoscale"
  packages = ["."]
  revision = "d0b97c5313da1645585ba6c860e29161299849e1"
  version = "v0.10.5"

[[projects]]
  name = "github.com/vishvananda/netlink"
  packages = [
    ".",
    "nl"
  ]
  revision = "a2ad57a690f3caf3015351d2d6e1c0b95c349752"
  version = "v1.0.0"

[[projects]]
  branch = "master"
  name = "github.com/vishvananda/netns"
  packages = ["."]
  revision = "13995c7128ccc8e51e9a6bd2b551020a27180abd"

[[projects]]
  branch = "master"
  name = "golang.org/x/sys"
  packages = ["unix"]
  revision = "3dc4335d56c789b04b0ba99b7a37249d9b614314"

[solve-meta]
  analyzer-name = "dep"
  analyzer-version = 1
  inputs-digest = "c6ff2de85b755c906e76fb2e4175ef5f6e7aeee4fe7af1e54d5b0393abf40a3d"
  solver-name = "gps-cdcl"
  solver-version = 1
