# This file is autogenerated, do not edit; changes may be undone by the next 'dep ensure'.


[[projects]]
  branch = "dev"
  name = "github.com/exoscale/egoscale"
  packages = ["."]
  revision = "bccc573032213ec0ef7dcdb7d89b016e15547c6d"

[solve-meta]
  analyzer-name = "dep"
  analyzer-version = 1
  inputs-digest = "b98836fb3f3f278bcf7b8923c15e9bd09480a771a54ab65999a0a930b17c5d5b"
  solver-name = "gps-cdcl"
  solver-version = 1
